// !$*UTF8*$!
{
	archiveVersion = 1;
	classes = {
	};
	objectVersion = 56;
	objects = {

/* Begin PBXBuildFile section */
		2C228BF22A463EA400D18786 /* TestIterSpeed.swift in Sources */ = {isa = PBXBuildFile; fileRef = 2C228BF12A463EA400D18786 /* TestIterSpeed.swift */; };
		2C6EEAC52A2A83F200EF3BDA /* main.swift in Sources */ = {isa = PBXBuildFile; fileRef = 2C6EEAC42A2A83F200EF3BDA /* main.swift */; };
		2C6EEACC2A2B9C5500EF3BDA /* add.swift in Sources */ = {isa = PBXBuildFile; fileRef = 2C6EEACB2A2B9C5500EF3BDA /* add.swift */; };
		2C6EEACE2A2B9CBB00EF3BDA /* util.swift in Sources */ = {isa = PBXBuildFile; fileRef = 2C6EEACD2A2B9CBB00EF3BDA /* util.swift */; };
		2C6EEAD02A2BA15C00EF3BDA /* haversine.swift in Sources */ = {isa = PBXBuildFile; fileRef = 2C6EEACF2A2BA15C00EF3BDA /* haversine.swift */; };
		2C880CF22A3C4046006CFE4B /* CollectionMembershipTest.swift in Sources */ = {isa = PBXBuildFile; fileRef = 2C880CF12A3C4046006CFE4B /* CollectionMembershipTest.swift */; };
		2C880CF62A3DBA79006CFE4B /* JsonParserTests.swift in Sources */ = {isa = PBXBuildFile; fileRef = 2C880CF52A3DBA79006CFE4B /* JsonParserTests.swift */; };
		2C8E71D32A46FCA30004CDDD /* TestJsonParser.swift in Sources */ = {isa = PBXBuildFile; fileRef = 2C8E71D22A46FCA30004CDDD /* TestJsonParser.swift */; };
		2C8E71D52A46FFF10004CDDD /* JsonParserCChar.swift in Sources */ = {isa = PBXBuildFile; fileRef = 2C8E71D42A46FFE20004CDDD /* JsonParserCChar.swift */; };
		2C8E71D72A483B560004CDDD /* JsonParserFopen.swift in Sources */ = {isa = PBXBuildFile; fileRef = 2C8E71D62A483B4B0004CDDD /* JsonParserFopen.swift */; };
		2C8E71D92A48CA6D0004CDDD /* JsonParserBuffers.swift in Sources */ = {isa = PBXBuildFile; fileRef = 2C8E71D82A48CA560004CDDD /* JsonParserBuffers.swift */; };
		2CBE79992A2BB6240016B8C9 /* cleancode.swift in Sources */ = {isa = PBXBuildFile; fileRef = 2CBE79982A2BB6240016B8C9 /* cleancode.swift */; };
		2CBE799B2A2C684D0016B8C9 /* cpu8086.swift in Sources */ = {isa = PBXBuildFile; fileRef = 2CBE799A2A2C684D0016B8C9 /* cpu8086.swift */; };
		2CBE79BE2A3060440016B8C9 /* PerformanceTests.swift in Sources */ = {isa = PBXBuildFile; fileRef = 2CBE79BD2A3060440016B8C9 /* PerformanceTests.swift */; };
		2CBE79C22A3062BD0016B8C9 /* cpu8086.swift in Sources */ = {isa = PBXBuildFile; fileRef = 2CBE799A2A2C684D0016B8C9 /* cpu8086.swift */; };
		2CBE79C32A3062CE0016B8C9 /* util.swift in Sources */ = {isa = PBXBuildFile; fileRef = 2C6EEACD2A2B9CBB00EF3BDA /* util.swift */; };
		2CBE79C62A3063180016B8C9 /* globals.swift in Sources */ = {isa = PBXBuildFile; fileRef = 2CBE79C52A3063180016B8C9 /* globals.swift */; };
		2CBE79C72A3063330016B8C9 /* globals.swift in Sources */ = {isa = PBXBuildFile; fileRef = 2CBE79C52A3063180016B8C9 /* globals.swift */; };
		2CC8C1D92A46474100EFF8EF /* JsonParserUnicode.swift in Sources */ = {isa = PBXBuildFile; fileRef = 2C880CF02A3C3D32006CFE4B /* JsonParserUnicode.swift */; };
		2CC8C1DA2A46474200EFF8EF /* JsonParserUnicode.swift in Sources */ = {isa = PBXBuildFile; fileRef = 2C880CF02A3C3D32006CFE4B /* JsonParserUnicode.swift */; };
		2CC8C1DB2A4648C500EFF8EF /* JsonParserAscii.swift in Sources */ = {isa = PBXBuildFile; fileRef = 2CC8C1D62A46468100EFF8EF /* JsonParserAscii.swift */; };
		2CC8C1DE2A464DAD00EFF8EF /* SwiftSpeed.swift in Sources */ = {isa = PBXBuildFile; fileRef = 2CC8C1DD2A464DAD00EFF8EF /* SwiftSpeed.swift */; };
/* End PBXBuildFile section */

/* Begin PBXCopyFilesBuildPhase section */
		2C6EEABF2A2A83F200EF3BDA /* CopyFiles */ = {
			isa = PBXCopyFilesBuildPhase;
			buildActionMask = 2147483647;
			dstPath = /usr/share/man/man1/;
			dstSubfolderSpec = 0;
			files = (
			);
			runOnlyForDeploymentPostprocessing = 1;
		};
/* End PBXCopyFilesBuildPhase section */

/* Begin PBXFileReference section */
		2C228BF12A463EA400D18786 /* TestIterSpeed.swift */ = {isa = PBXFileReference; lastKnownFileType = sourcecode.swift; path = TestIterSpeed.swift; sourceTree = "<group>"; };
		2C6DE0602A36156C00443E88 /* PerformanceTests.xctestplan */ = {isa = PBXFileReference; lastKnownFileType = text; path = PerformanceTests.xctestplan; sourceTree = "<group>"; };
		2C6EEAC12A2A83F200EF3BDA /* Performance */ = {isa = PBXFileReference; explicitFileType = "compiled.mach-o.executable"; includeInIndex = 0; path = Performance; sourceTree = BUILT_PRODUCTS_DIR; };
		2C6EEAC42A2A83F200EF3BDA /* main.swift */ = {isa = PBXFileReference; lastKnownFileType = sourcecode.swift; path = main.swift; sourceTree = "<group>"; };
		2C6EEACB2A2B9C5500EF3BDA /* add.swift */ = {isa = PBXFileReference; lastKnownFileType = sourcecode.swift; path = add.swift; sourceTree = "<group>"; };
		2C6EEACD2A2B9CBB00EF3BDA /* util.swift */ = {isa = PBXFileReference; lastKnownFileType = sourcecode.swift; path = util.swift; sourceTree = "<group>"; };
		2C6EEACF2A2BA15C00EF3BDA /* haversine.swift */ = {isa = PBXFileReference; lastKnownFileType = sourcecode.swift; path = haversine.swift; sourceTree = "<group>"; };
		2C880CEE2A3B7450006CFE4B /* JsonParser0.swift */ = {isa = PBXFileReference; lastKnownFileType = sourcecode.swift; path = JsonParser0.swift; sourceTree = "<group>"; };
		2C880CF02A3C3D32006CFE4B /* JsonParserUnicode.swift */ = {isa = PBXFileReference; lastKnownFileType = sourcecode.swift; path = JsonParserUnicode.swift; sourceTree = "<group>"; };
		2C880CF12A3C4046006CFE4B /* CollectionMembershipTest.swift */ = {isa = PBXFileReference; lastKnownFileType = sourcecode.swift; path = CollectionMembershipTest.swift; sourceTree = "<group>"; };
		2C880CF52A3DBA79006CFE4B /* JsonParserTests.swift */ = {isa = PBXFileReference; lastKnownFileType = sourcecode.swift; path = JsonParserTests.swift; sourceTree = "<group>"; };
		2C8E71D22A46FCA30004CDDD /* TestJsonParser.swift */ = {isa = PBXFileReference; lastKnownFileType = sourcecode.swift; path = TestJsonParser.swift; sourceTree = "<group>"; };
		2C8E71D42A46FFE20004CDDD /* JsonParserCChar.swift */ = {isa = PBXFileReference; lastKnownFileType = sourcecode.swift; path = JsonParserCChar.swift; sourceTree = "<group>"; };
		2C8E71D62A483B4B0004CDDD /* JsonParserFopen.swift */ = {isa = PBXFileReference; lastKnownFileType = sourcecode.swift; path = JsonParserFopen.swift; sourceTree = "<group>"; };
		2C8E71D82A48CA560004CDDD /* JsonParserBuffers.swift */ = {isa = PBXFileReference; lastKnownFileType = sourcecode.swift; path = JsonParserBuffers.swift; sourceTree = "<group>"; };
		2CBE79982A2BB6240016B8C9 /* cleancode.swift */ = {isa = PBXFileReference; lastKnownFileType = sourcecode.swift; path = cleancode.swift; sourceTree = "<group>"; };
		2CBE799A2A2C684D0016B8C9 /* cpu8086.swift */ = {isa = PBXFileReference; lastKnownFileType = sourcecode.swift; path = cpu8086.swift; sourceTree = "<group>"; };
		2CBE79BB2A3060440016B8C9 /* PerformanceTests.xctest */ = {isa = PBXFileReference; explicitFileType = wrapper.cfbundle; includeInIndex = 0; path = PerformanceTests.xctest; sourceTree = BUILT_PRODUCTS_DIR; };
		2CBE79BD2A3060440016B8C9 /* PerformanceTests.swift */ = {isa = PBXFileReference; lastKnownFileType = sourcecode.swift; path = PerformanceTests.swift; sourceTree = "<group>"; };
		2CBE79C52A3063180016B8C9 /* globals.swift */ = {isa = PBXFileReference; lastKnownFileType = sourcecode.swift; path = globals.swift; sourceTree = "<group>"; };
		2CC8C1D62A46468100EFF8EF /* JsonParserAscii.swift */ = {isa = PBXFileReference; lastKnownFileType = sourcecode.swift; path = JsonParserAscii.swift; sourceTree = "<group>"; };
		2CC8C1DD2A464DAD00EFF8EF /* SwiftSpeed.swift */ = {isa = PBXFileReference; lastKnownFileType = sourcecode.swift; path = SwiftSpeed.swift; sourceTree = "<group>"; };
/* End PBXFileReference section */

/* Begin PBXFrameworksBuildPhase section */
		2C6EEABE2A2A83F200EF3BDA /* Frameworks */ = {
			isa = PBXFrameworksBuildPhase;
			buildActionMask = 2147483647;
			files = (
			);
			runOnlyForDeploymentPostprocessing = 0;
		};
		2CBE79B82A3060440016B8C9 /* Frameworks */ = {
			isa = PBXFrameworksBuildPhase;
			buildActionMask = 2147483647;
			files = (
			);
			runOnlyForDeploymentPostprocessing = 0;
		};
/* End PBXFrameworksBuildPhase section */

/* Begin PBXGroup section */
		2C6EEAB82A2A83F200EF3BDA = {
			isa = PBXGroup;
			children = (
				2C6DE0602A36156C00443E88 /* PerformanceTests.xctestplan */,
				2C6EEAC32A2A83F200EF3BDA /* Performance */,
				2CBE79BC2A3060440016B8C9 /* PerformanceTests */,
				2C6EEAC22A2A83F200EF3BDA /* Products */,
			);
			sourceTree = "<group>";
		};
		2C6EEAC22A2A83F200EF3BDA /* Products */ = {
			isa = PBXGroup;
			children = (
				2C6EEAC12A2A83F200EF3BDA /* Performance */,
				2CBE79BB2A3060440016B8C9 /* PerformanceTests.xctest */,
			);
			name = Products;
			sourceTree = "<group>";
		};
		2C6EEAC32A2A83F200EF3BDA /* Performance */ = {
			isa = PBXGroup;
			children = (
				2C6EEAC42A2A83F200EF3BDA /* main.swift */,
				2CBE799A2A2C684D0016B8C9 /* cpu8086.swift */,
				2CBE79982A2BB6240016B8C9 /* cleancode.swift */,
				2C6EEACB2A2B9C5500EF3BDA /* add.swift */,
				2C6EEACF2A2BA15C00EF3BDA /* haversine.swift */,
				2C8E71D22A46FCA30004CDDD /* TestJsonParser.swift */,
				2C880CEE2A3B7450006CFE4B /* JsonParser0.swift */,
				2C880CF02A3C3D32006CFE4B /* JsonParserUnicode.swift */,
				2CC8C1D62A46468100EFF8EF /* JsonParserAscii.swift */,
				2C8E71D42A46FFE20004CDDD /* JsonParserCChar.swift */,
				2C8E71D62A483B4B0004CDDD /* JsonParserFopen.swift */,
				2C8E71D82A48CA560004CDDD /* JsonParserBuffers.swift */,
				2C228BF12A463EA400D18786 /* TestIterSpeed.swift */,
				2CC8C1DD2A464DAD00EFF8EF /* SwiftSpeed.swift */,
				2C880CF12A3C4046006CFE4B /* CollectionMembershipTest.swift */,
				2CBE79C52A3063180016B8C9 /* globals.swift */,
				2C6EEACD2A2B9CBB00EF3BDA /* util.swift */,
			);
			path = Performance;
			sourceTree = "<group>";
		};
		2CBE79BC2A3060440016B8C9 /* PerformanceTests */ = {
			isa = PBXGroup;
			children = (
				2CBE79BD2A3060440016B8C9 /* PerformanceTests.swift */,
				2C880CF52A3DBA79006CFE4B /* JsonParserTests.swift */,
			);
			path = PerformanceTests;
			sourceTree = "<group>";
		};
/* End PBXGroup section */

/* Begin PBXNativeTarget section */
		2C6EEAC02A2A83F200EF3BDA /* Performance */ = {
			isa = PBXNativeTarget;
			buildConfigurationList = 2C6EEAC82A2A83F200EF3BDA /* Build configuration list for PBXNativeTarget "Performance" */;
			buildPhases = (
				2C6EEABD2A2A83F200EF3BDA /* Sources */,
				2C6EEABE2A2A83F200EF3BDA /* Frameworks */,
				2C6EEABF2A2A83F200EF3BDA /* CopyFiles */,
			);
			buildRules = (
			);
			dependencies = (
			);
			name = Performance;
			productName = Performance;
			productReference = 2C6EEAC12A2A83F200EF3BDA /* Performance */;
			productType = "com.apple.product-type.tool";
		};
		2CBE79BA2A3060440016B8C9 /* PerformanceTests */ = {
			isa = PBXNativeTarget;
			buildConfigurationList = 2CBE79C12A3060440016B8C9 /* Build configuration list for PBXNativeTarget "PerformanceTests" */;
			buildPhases = (
				2CBE79B72A3060440016B8C9 /* Sources */,
				2CBE79B82A3060440016B8C9 /* Frameworks */,
				2CBE79B92A3060440016B8C9 /* Resources */,
			);
			buildRules = (
			);
			dependencies = (
			);
			name = PerformanceTests;
			productName = PerformanceTests;
			productReference = 2CBE79BB2A3060440016B8C9 /* PerformanceTests.xctest */;
			productType = "com.apple.product-type.bundle.unit-test";
		};
/* End PBXNativeTarget section */

/* Begin PBXProject section */
		2C6EEAB92A2A83F200EF3BDA /* Project object */ = {
			isa = PBXProject;
			attributes = {
				BuildIndependentTargetsInParallel = 1;
				LastSwiftUpdateCheck = 1430;
				LastUpgradeCheck = 1430;
				TargetAttributes = {
					2C6EEAC02A2A83F200EF3BDA = {
						CreatedOnToolsVersion = 14.3;
					};
					2CBE79BA2A3060440016B8C9 = {
						CreatedOnToolsVersion = 14.3;
					};
				};
			};
			buildConfigurationList = 2C6EEABC2A2A83F200EF3BDA /* Build configuration list for PBXProject "Performance" */;
			compatibilityVersion = "Xcode 14.0";
			developmentRegion = en;
			hasScannedForEncodings = 0;
			knownRegions = (
				en,
				Base,
			);
			mainGroup = 2C6EEAB82A2A83F200EF3BDA;
			productRefGroup = 2C6EEAC22A2A83F200EF3BDA /* Products */;
			projectDirPath = "";
			projectRoot = "";
			targets = (
				2C6EEAC02A2A83F200EF3BDA /* Performance */,
				2CBE79BA2A3060440016B8C9 /* PerformanceTests */,
			);
		};
/* End PBXProject section */

/* Begin PBXResourcesBuildPhase section */
		2CBE79B92A3060440016B8C9 /* Resources */ = {
			isa = PBXResourcesBuildPhase;
			buildActionMask = 2147483647;
			files = (
			);
			runOnlyForDeploymentPostprocessing = 0;
		};
/* End PBXResourcesBuildPhase section */

/* Begin PBXSourcesBuildPhase section */
		2C6EEABD2A2A83F200EF3BDA /* Sources */ = {
			isa = PBXSourcesBuildPhase;
			buildActionMask = 2147483647;
			files = (
				2CC8C1D92A46474100EFF8EF /* JsonParserUnicode.swift in Sources */,
				2CBE79992A2BB6240016B8C9 /* cleancode.swift in Sources */,
				2C8E71D72A483B560004CDDD /* JsonParserFopen.swift in Sources */,
				2CC8C1DB2A4648C500EFF8EF /* JsonParserAscii.swift in Sources */,
				2C228BF22A463EA400D18786 /* TestIterSpeed.swift in Sources */,
				2C6EEAC52A2A83F200EF3BDA /* main.swift in Sources */,
				2C8E71D92A48CA6D0004CDDD /* JsonParserBuffers.swift in Sources */,
				2CC8C1DE2A464DAD00EFF8EF /* SwiftSpeed.swift in Sources */,
				2CBE799B2A2C684D0016B8C9 /* cpu8086.swift in Sources */,
				2C6EEACE2A2B9CBB00EF3BDA /* util.swift in Sources */,
				2C6EEACC2A2B9C5500EF3BDA /* add.swift in Sources */,
				2C8E71D32A46FCA30004CDDD /* TestJsonParser.swift in Sources */,
				2CBE79C62A3063180016B8C9 /* globals.swift in Sources */,
				2C6EEAD02A2BA15C00EF3BDA /* haversine.swift in Sources */,
				2C8E71D52A46FFF10004CDDD /* JsonParserCChar.swift in Sources */,
				2C880CF22A3C4046006CFE4B /* CollectionMembershipTest.swift in Sources */,
			);
			runOnlyForDeploymentPostprocessing = 0;
		};
		2CBE79B72A3060440016B8C9 /* Sources */ = {
			isa = PBXSourcesBuildPhase;
			buildActionMask = 2147483647;
			files = (
				2CBE79C72A3063330016B8C9 /* globals.swift in Sources */,
				2CC8C1DA2A46474200EFF8EF /* JsonParserUnicode.swift in Sources */,
				2CBE79C32A3062CE0016B8C9 /* util.swift in Sources */,
				2CBE79C22A3062BD0016B8C9 /* cpu8086.swift in Sources */,
				2CBE79BE2A3060440016B8C9 /* PerformanceTests.swift in Sources */,
				2C880CF62A3DBA79006CFE4B /* JsonParserTests.swift in Sources */,
			);
			runOnlyForDeploymentPostprocessing = 0;
		};
/* End PBXSourcesBuildPhase section */

/* Begin XCBuildConfiguration section */
		2C6EEAC62A2A83F200EF3BDA /* Debug */ = {
			isa = XCBuildConfiguration;
			buildSettings = {
				ALWAYS_SEARCH_USER_PATHS = NO;
				CLANG_ANALYZER_NONNULL = YES;
				CLANG_ANALYZER_NUMBER_OBJECT_CONVERSION = YES_AGGRESSIVE;
				CLANG_CXX_LANGUAGE_STANDARD = "gnu++20";
				CLANG_ENABLE_MODULES = YES;
				CLANG_ENABLE_OBJC_ARC = YES;
				CLANG_ENABLE_OBJC_WEAK = YES;
				CLANG_WARN_BLOCK_CAPTURE_AUTORELEASING = YES;
				CLANG_WARN_BOOL_CONVERSION = YES;
				CLANG_WARN_COMMA = YES;
				CLANG_WARN_CONSTANT_CONVERSION = YES;
				CLANG_WARN_DEPRECATED_OBJC_IMPLEMENTATIONS = YES;
				CLANG_WARN_DIRECT_OBJC_ISA_USAGE = YES_ERROR;
				CLANG_WARN_DOCUMENTATION_COMMENTS = YES;
				CLANG_WARN_EMPTY_BODY = YES;
				CLANG_WARN_ENUM_CONVERSION = YES;
				CLANG_WARN_INFINITE_RECURSION = YES;
				CLANG_WARN_INT_CONVERSION = YES;
				CLANG_WARN_NON_LITERAL_NULL_CONVERSION = YES;
				CLANG_WARN_OBJC_IMPLICIT_RETAIN_SELF = YES;
				CLANG_WARN_OBJC_LITERAL_CONVERSION = YES;
				CLANG_WARN_OBJC_ROOT_CLASS = YES_ERROR;
				CLANG_WARN_QUOTED_INCLUDE_IN_FRAMEWORK_HEADER = YES;
				CLANG_WARN_RANGE_LOOP_ANALYSIS = YES;
				CLANG_WARN_STRICT_PROTOTYPES = YES;
				CLANG_WARN_SUSPICIOUS_MOVE = YES;
				CLANG_WARN_UNGUARDED_AVAILABILITY = YES_AGGRESSIVE;
				CLANG_WARN_UNREACHABLE_CODE = YES;
				CLANG_WARN__DUPLICATE_METHOD_MATCH = YES;
				COPY_PHASE_STRIP = NO;
				DEBUG_INFORMATION_FORMAT = dwarf;
				ENABLE_STRICT_OBJC_MSGSEND = YES;
				ENABLE_TESTABILITY = YES;
				GCC_C_LANGUAGE_STANDARD = gnu11;
				GCC_DYNAMIC_NO_PIC = NO;
				GCC_NO_COMMON_BLOCKS = YES;
				GCC_OPTIMIZATION_LEVEL = 0;
				GCC_PREPROCESSOR_DEFINITIONS = (
					"DEBUG=1",
					"$(inherited)",
				);
				GCC_WARN_64_TO_32_BIT_CONVERSION = YES;
				GCC_WARN_ABOUT_RETURN_TYPE = YES_ERROR;
				GCC_WARN_UNDECLARED_SELECTOR = YES;
				GCC_WARN_UNINITIALIZED_AUTOS = YES_AGGRESSIVE;
				GCC_WARN_UNUSED_FUNCTION = YES;
				GCC_WARN_UNUSED_VARIABLE = YES;
				MACOSX_DEPLOYMENT_TARGET = 13.3;
				MTL_ENABLE_DEBUG_INFO = INCLUDE_SOURCE;
				MTL_FAST_MATH = YES;
				ONLY_ACTIVE_ARCH = YES;
				SDKROOT = macosx;
				SWIFT_ACTIVE_COMPILATION_CONDITIONS = DEBUG;
				SWIFT_OPTIMIZATION_LEVEL = "-Onone";
			};
			name = Debug;
		};
		2C6EEAC72A2A83F200EF3BDA /* Release */ = {
			isa = XCBuildConfiguration;
			buildSettings = {
				ALWAYS_SEARCH_USER_PATHS = NO;
				CLANG_ANALYZER_NONNULL = YES;
				CLANG_ANALYZER_NUMBER_OBJECT_CONVERSION = YES_AGGRESSIVE;
				CLANG_CXX_LANGUAGE_STANDARD = "gnu++20";
				CLANG_ENABLE_MODULES = YES;
				CLANG_ENABLE_OBJC_ARC = YES;
				CLANG_ENABLE_OBJC_WEAK = YES;
				CLANG_WARN_BLOCK_CAPTURE_AUTORELEASING = YES;
				CLANG_WARN_BOOL_CONVERSION = YES;
				CLANG_WARN_COMMA = YES;
				CLANG_WARN_CONSTANT_CONVERSION = YES;
				CLANG_WARN_DEPRECATED_OBJC_IMPLEMENTATIONS = YES;
				CLANG_WARN_DIRECT_OBJC_ISA_USAGE = YES_ERROR;
				CLANG_WARN_DOCUMENTATION_COMMENTS = YES;
				CLANG_WARN_EMPTY_BODY = YES;
				CLANG_WARN_ENUM_CONVERSION = YES;
				CLANG_WARN_INFINITE_RECURSION = YES;
				CLANG_WARN_INT_CONVERSION = YES;
				CLANG_WARN_NON_LITERAL_NULL_CONVERSION = YES;
				CLANG_WARN_OBJC_IMPLICIT_RETAIN_SELF = YES;
				CLANG_WARN_OBJC_LITERAL_CONVERSION = YES;
				CLANG_WARN_OBJC_ROOT_CLASS = YES_ERROR;
				CLANG_WARN_QUOTED_INCLUDE_IN_FRAMEWORK_HEADER = YES;
				CLANG_WARN_RANGE_LOOP_ANALYSIS = YES;
				CLANG_WARN_STRICT_PROTOTYPES = YES;
				CLANG_WARN_SUSPICIOUS_MOVE = YES;
				CLANG_WARN_UNGUARDED_AVAILABILITY = YES_AGGRESSIVE;
				CLANG_WARN_UNREACHABLE_CODE = YES;
				CLANG_WARN__DUPLICATE_METHOD_MATCH = YES;
				COPY_PHASE_STRIP = NO;
				DEBUG_INFORMATION_FORMAT = "dwarf-with-dsym";
				ENABLE_NS_ASSERTIONS = NO;
				ENABLE_STRICT_OBJC_MSGSEND = YES;
				GCC_C_LANGUAGE_STANDARD = gnu11;
				GCC_NO_COMMON_BLOCKS = YES;
				GCC_WARN_64_TO_32_BIT_CONVERSION = YES;
				GCC_WARN_ABOUT_RETURN_TYPE = YES_ERROR;
				GCC_WARN_UNDECLARED_SELECTOR = YES;
				GCC_WARN_UNINITIALIZED_AUTOS = YES_AGGRESSIVE;
				GCC_WARN_UNUSED_FUNCTION = YES;
				GCC_WARN_UNUSED_VARIABLE = YES;
				MACOSX_DEPLOYMENT_TARGET = 13.3;
				MTL_ENABLE_DEBUG_INFO = NO;
				MTL_FAST_MATH = YES;
				SDKROOT = macosx;
				SWIFT_COMPILATION_MODE = wholemodule;
				SWIFT_OPTIMIZATION_LEVEL = "-O";
			};
			name = Release;
		};
		2C6EEAC92A2A83F200EF3BDA /* Debug */ = {
			isa = XCBuildConfiguration;
			buildSettings = {
				CODE_SIGN_STYLE = Automatic;
				PRODUCT_NAME = "$(TARGET_NAME)";
				SWIFT_VERSION = 5.0;
			};
			name = Debug;
		};
		2C6EEACA2A2A83F200EF3BDA /* Release */ = {
			isa = XCBuildConfiguration;
			buildSettings = {
				CODE_SIGN_STYLE = Automatic;
				PRODUCT_NAME = "$(TARGET_NAME)";
				SWIFT_VERSION = 5.0;
			};
			name = Release;
		};
		2CBE79BF2A3060440016B8C9 /* Debug */ = {
			isa = XCBuildConfiguration;
			buildSettings = {
				CODE_SIGN_STYLE = Automatic;
				CURRENT_PROJECT_VERSION = 1;
				GENERATE_INFOPLIST_FILE = YES;
				MARKETING_VERSION = 1.0;
				PRODUCT_BUNDLE_IDENTIFIER = com.ivanmcode.PerformanceTests;
				PRODUCT_NAME = "$(TARGET_NAME)";
				SWIFT_EMIT_LOC_STRINGS = NO;
				SWIFT_VERSION = 5.0;
			};
			name = Debug;
		};
		2CBE79C02A3060440016B8C9 /* Release */ = {
			isa = XCBuildConfiguration;
			buildSettings = {
				CODE_SIGN_STYLE = Automatic;
				CURRENT_PROJECT_VERSION = 1;
				GENERATE_INFOPLIST_FILE = YES;
				MARKETING_VERSION = 1.0;
				PRODUCT_BUNDLE_IDENTIFIER = com.ivanmcode.PerformanceTests;
				PRODUCT_NAME = "$(TARGET_NAME)";
				SWIFT_EMIT_LOC_STRINGS = NO;
				SWIFT_VERSION = 5.0;
			};
			name = Release;
		};
/* End XCBuildConfiguration section */

/* Begin XCConfigurationList section */
		2C6EEABC2A2A83F200EF3BDA /* Build configuration list for PBXProject "Performance" */ = {
			isa = XCConfigurationList;
			buildConfigurations = (
				2C6EEAC62A2A83F200EF3BDA /* Debug */,
				2C6EEAC72A2A83F200EF3BDA /* Release */,
			);
			defaultConfigurationIsVisible = 0;
			defaultConfigurationName = Release;
		};
		2C6EEAC82A2A83F200EF3BDA /* Build configuration list for PBXNativeTarget "Performance" */ = {
			isa = XCConfigurationList;
			buildConfigurations = (
				2C6EEAC92A2A83F200EF3BDA /* Debug */,
				2C6EEACA2A2A83F200EF3BDA /* Release */,
			);
			defaultConfigurationIsVisible = 0;
			defaultConfigurationName = Release;
		};
		2CBE79C12A3060440016B8C9 /* Build configuration list for PBXNativeTarget "PerformanceTests" */ = {
			isa = XCConfigurationList;
			buildConfigurations = (
				2CBE79BF2A3060440016B8C9 /* Debug */,
				2CBE79C02A3060440016B8C9 /* Release */,
			);
			defaultConfigurationIsVisible = 0;
			defaultConfigurationName = Release;
		};
/* End XCConfigurationList section */
	};
	rootObject = 2C6EEAB92A2A83F200EF3BDA /* Project object */;
}
